
Microsoft Visual Studio Solution File, Format Version 12.00
# Visual Studio Version 16
VisualStudioVersion = 16.0.30503.244
MinimumVisualStudioVersion = 10.0.40219.1
Project("{FAE04EC0-301F-11D3-BF4B-00C04F79EFBC}") = "Gestione", "Gestione\Gestione.csproj", "{1D7BA515-9536-405A-B871-E0876CA73D17}"
EndProject
Project("{FAE04EC0-301F-11D3-BF4B-00C04F79EFBC}") = "Gestione test", "Gestione test\Gestione test.csproj", "{99DF4CFE-1A21-4E33-8F95-194611903142}"
EndProject
Global
	GlobalSection(SolutionConfigurationPlatforms) = preSolution
		Debug|Any CPU = Debug|Any CPU
		Release|Any CPU = Release|Any CPU
	EndGlobalSection
	GlobalSection(ProjectConfigurationPlatforms) = postSolution
		{1D7BA515-9536-405A-B871-E0876CA73D17}.Debug|Any CPU.ActiveCfg = Debug|Any CPU
		{1D7BA515-9536-405A-B871-E0876CA73D17}.Debug|Any CPU.Build.0 = Debug|Any CPU
		{1D7BA515-9536-405A-B871-E0876CA73D17}.Release|Any CPU.ActiveCfg = Release|Any CPU
		{1D7BA515-9536-405A-B871-E0876CA73D17}.Release|Any CPU.Build.0 = Release|Any CPU
		{99DF4CFE-1A21-4E33-8F95-194611903142}.Debug|Any CPU.ActiveCfg = Debug|Any CPU
		{99DF4CFE-1A21-4E33-8F95-194611903142}.Debug|Any CPU.Build.0 = Debug|Any CPU
		{99DF4CFE-1A21-4E33-8F95-194611903142}.Release|Any CPU.ActiveCfg = Release|Any CPU
		{99DF4CFE-1A21-4E33-8F95-194611903142}.Release|Any CPU.Build.0 = Release|Any CPU
	EndGlobalSection
	GlobalSection(SolutionProperties) = preSolution
		HideSolutionNode = FALSE
	EndGlobalSection
	GlobalSection(ExtensibilityGlobals) = postSolution
		SolutionGuid = {F2399B19-E152-4F98-A11B-DECE1C106C88}
	EndGlobalSection
EndGlobal
